
Microsoft Visual Studio Solution File, Format Version 12.00
# Visual Studio 15
VisualStudioVersion = 15.0.27130.2027
MinimumVisualStudioVersion = 10.0.40219.1
Project("{FAE04EC0-301F-11D3-BF4B-00C04F79EFBC}") = "OddsScrapper", "OddsScrapper\OddsScrapper.csproj", "{A8A594C4-0D60-4261-89AD-E6EB2B5D5F1A}"
EndProject
Project("{9A19103F-16F7-4668-BE54-9A1E7A4F7556}") = "OddsWebsite", "OddsWebsite\OddsWebsite.csproj", "{C6923AE5-513D-4E28-9CEB-96AE2F89D5BF}"
EndProject
Project("{9A19103F-16F7-4668-BE54-9A1E7A4F7556}") = "OddsScrapper.Shared", "OddsScrapper.Shared\OddsScrapper.Shared.csproj", "{2422A329-4621-46A7-9474-82D715A503A5}"
EndProject
Project("{9A19103F-16F7-4668-BE54-9A1E7A4F7556}") = "OddsScrapper.Mvc", "OddsScrapper.Mvc\OddsScrapper.Mvc.csproj", "{A9364A96-C27D-41F4-BD87-1E21A4EE6A74}"
EndProject
Project("{FAE04EC0-301F-11D3-BF4B-00C04F79EFBC}") = "OddsScrapper.WebsiteScraping", "OddsScrapper.WebsiteScraping\OddsScrapper.WebsiteScraping.csproj", "{00703500-3485-493A-9CCF-6A14501BDA72}"
EndProject
Global
	GlobalSection(SolutionConfigurationPlatforms) = preSolution
		Debug|x64 = Debug|x64
		Debug|x86 = Debug|x86
		Release|x64 = Release|x64
		Release|x86 = Release|x86
	EndGlobalSection
	GlobalSection(ProjectConfigurationPlatforms) = postSolution
		{A8A594C4-0D60-4261-89AD-E6EB2B5D5F1A}.Debug|x64.ActiveCfg = Debug|Any CPU
		{A8A594C4-0D60-4261-89AD-E6EB2B5D5F1A}.Debug|x64.Build.0 = Debug|Any CPU
		{A8A594C4-0D60-4261-89AD-E6EB2B5D5F1A}.Debug|x86.ActiveCfg = Debug|x86
		{A8A594C4-0D60-4261-89AD-E6EB2B5D5F1A}.Debug|x86.Build.0 = Debug|x86
		{A8A594C4-0D60-4261-89AD-E6EB2B5D5F1A}.Release|x64.ActiveCfg = Release|Any CPU
		{A8A594C4-0D60-4261-89AD-E6EB2B5D5F1A}.Release|x64.Build.0 = Release|Any CPU
		{A8A594C4-0D60-4261-89AD-E6EB2B5D5F1A}.Release|x86.ActiveCfg = Release|x86
		{A8A594C4-0D60-4261-89AD-E6EB2B5D5F1A}.Release|x86.Build.0 = Release|x86
		{C6923AE5-513D-4E28-9CEB-96AE2F89D5BF}.Debug|x64.ActiveCfg = Debug|Any CPU
		{C6923AE5-513D-4E28-9CEB-96AE2F89D5BF}.Debug|x64.Build.0 = Debug|Any CPU
		{C6923AE5-513D-4E28-9CEB-96AE2F89D5BF}.Debug|x86.ActiveCfg = Debug|x86
		{C6923AE5-513D-4E28-9CEB-96AE2F89D5BF}.Debug|x86.Build.0 = Debug|x86
		{C6923AE5-513D-4E28-9CEB-96AE2F89D5BF}.Release|x64.ActiveCfg = Release|Any CPU
		{C6923AE5-513D-4E28-9CEB-96AE2F89D5BF}.Release|x64.Build.0 = Release|Any CPU
		{C6923AE5-513D-4E28-9CEB-96AE2F89D5BF}.Release|x86.ActiveCfg = Release|x86
		{C6923AE5-513D-4E28-9CEB-96AE2F89D5BF}.Release|x86.Build.0 = Release|x86
		{2422A329-4621-46A7-9474-82D715A503A5}.Debug|x64.ActiveCfg = Debug|Any CPU
		{2422A329-4621-46A7-9474-82D715A503A5}.Debug|x64.Build.0 = Debug|Any CPU
		{2422A329-4621-46A7-9474-82D715A503A5}.Debug|x86.ActiveCfg = Debug|Any CPU
		{2422A329-4621-46A7-9474-82D715A503A5}.Debug|x86.Build.0 = Debug|Any CPU
		{2422A329-4621-46A7-9474-82D715A503A5}.Release|x64.ActiveCfg = Release|Any CPU
		{2422A329-4621-46A7-9474-82D715A503A5}.Release|x64.Build.0 = Release|Any CPU
		{2422A329-4621-46A7-9474-82D715A503A5}.Release|x86.ActiveCfg = Release|x86
		{2422A329-4621-46A7-9474-82D715A503A5}.Release|x86.Build.0 = Release|x86
		{A9364A96-C27D-41F4-BD87-1E21A4EE6A74}.Debug|x64.ActiveCfg = Debug|Any CPU
		{A9364A96-C27D-41F4-BD87-1E21A4EE6A74}.Debug|x64.Build.0 = Debug|Any CPU
		{A9364A96-C27D-41F4-BD87-1E21A4EE6A74}.Debug|x86.ActiveCfg = Debug|Any CPU
		{A9364A96-C27D-41F4-BD87-1E21A4EE6A74}.Debug|x86.Build.0 = Debug|Any CPU
		{A9364A96-C27D-41F4-BD87-1E21A4EE6A74}.Release|x64.ActiveCfg = Release|Any CPU
		{A9364A96-C27D-41F4-BD87-1E21A4EE6A74}.Release|x64.Build.0 = Release|Any CPU
		{A9364A96-C27D-41F4-BD87-1E21A4EE6A74}.Release|x86.ActiveCfg = Release|x86
		{A9364A96-C27D-41F4-BD87-1E21A4EE6A74}.Release|x86.Build.0 = Release|x86
		{00703500-3485-493A-9CCF-6A14501BDA72}.Debug|x64.ActiveCfg = Debug|x64
		{00703500-3485-493A-9CCF-6A14501BDA72}.Debug|x64.Build.0 = Debug|x64
		{00703500-3485-493A-9CCF-6A14501BDA72}.Debug|x86.ActiveCfg = Debug|Any CPU
		{00703500-3485-493A-9CCF-6A14501BDA72}.Debug|x86.Build.0 = Debug|Any CPU
		{00703500-3485-493A-9CCF-6A14501BDA72}.Release|x64.ActiveCfg = Release|x86
		{00703500-3485-493A-9CCF-6A14501BDA72}.Release|x64.Build.0 = Release|x86
		{00703500-3485-493A-9CCF-6A14501BDA72}.Release|x86.ActiveCfg = Release|x86
		{00703500-3485-493A-9CCF-6A14501BDA72}.Release|x86.Build.0 = Release|x86
	EndGlobalSection
	GlobalSection(SolutionProperties) = preSolution
		HideSolutionNode = FALSE
	EndGlobalSection
	GlobalSection(ExtensibilityGlobals) = postSolution
		SolutionGuid = {AF5EE9E5-664E-41C8-9E93-BBAA2F5ECB07}
	EndGlobalSection
EndGlobal
